
Microsoft Visual Studio Solution File, Format Version 12.00
# Visual Studio Version 17
VisualStudioVersion = 17.11.35327.3
MinimumVisualStudioVersion = 10.0.40219.1
Project("{9A19103F-16F7-4668-BE54-9A1E7A4F7556}") = "SkincareBookingService", "SkincareBookingService\SkincareBookingService.csproj", "{DF99AEC8-C11A-4735-9B17-67CCC80C081E}"
EndProject
Project("{9A19103F-16F7-4668-BE54-9A1E7A4F7556}") = "SkincareBookingService.DAL", "SkincareBookingService.DAL\SkincareBookingService.DAL.csproj", "{651E4820-13D6-45DB-A0E7-EDAFF4BC0CDA}"
EndProject
Project("{9A19103F-16F7-4668-BE54-9A1E7A4F7556}") = "SkincareBookingService.BLL", "SkincareBookingService.BLL\SkincareBookingService.BLL.csproj", "{B72BA755-1340-4AEC-AB40-008E4393BEC5}"
EndProject
Project("{9A19103F-16F7-4668-BE54-9A1E7A4F7556}") = "SkincareBookingService.Core", "SkincareBookingService.Core\SkincareBookingService.Core.csproj", "{D8E93621-66C3-4C4A-9F3B-C4B61B9A3348}"
EndProject
Global
	GlobalSection(SolutionConfigurationPlatforms) = preSolution
		Debug|Any CPU = Debug|Any CPU
		Release|Any CPU = Release|Any CPU
	EndGlobalSection
	GlobalSection(ProjectConfigurationPlatforms) = postSolution
		{DF99AEC8-C11A-4735-9B17-67CCC80C081E}.Debug|Any CPU.ActiveCfg = Debug|Any CPU
		{DF99AEC8-C11A-4735-9B17-67CCC80C081E}.Debug|Any CPU.Build.0 = Debug|Any CPU
		{DF99AEC8-C11A-4735-9B17-67CCC80C081E}.Release|Any CPU.ActiveCfg = Release|Any CPU
		{DF99AEC8-C11A-4735-9B17-67CCC80C081E}.Release|Any CPU.Build.0 = Release|Any CPU
		{651E4820-13D6-45DB-A0E7-EDAFF4BC0CDA}.Debug|Any CPU.ActiveCfg = Debug|Any CPU
		{651E4820-13D6-45DB-A0E7-EDAFF4BC0CDA}.Debug|Any CPU.Build.0 = Debug|Any CPU
		{651E4820-13D6-45DB-A0E7-EDAFF4BC0CDA}.Release|Any CPU.ActiveCfg = Release|Any CPU
		{651E4820-13D6-45DB-A0E7-EDAFF4BC0CDA}.Release|Any CPU.Build.0 = Release|Any CPU
		{B72BA755-1340-4AEC-AB40-008E4393BEC5}.Debug|Any CPU.ActiveCfg = Debug|Any CPU
		{B72BA755-1340-4AEC-AB40-008E4393BEC5}.Debug|Any CPU.Build.0 = Debug|Any CPU
		{B72BA755-1340-4AEC-AB40-008E4393BEC5}.Release|Any CPU.ActiveCfg = Release|Any CPU
		{B72BA755-1340-4AEC-AB40-008E4393BEC5}.Release|Any CPU.Build.0 = Release|Any CPU
		{D8E93621-66C3-4C4A-9F3B-C4B61B9A3348}.Debug|Any CPU.ActiveCfg = Debug|Any CPU
		{D8E93621-66C3-4C4A-9F3B-C4B61B9A3348}.Debug|Any CPU.Build.0 = Debug|Any CPU
		{D8E93621-66C3-4C4A-9F3B-C4B61B9A3348}.Release|Any CPU.ActiveCfg = Release|Any CPU
		{D8E93621-66C3-4C4A-9F3B-C4B61B9A3348}.Release|Any CPU.Build.0 = Release|Any CPU
	EndGlobalSection
	GlobalSection(SolutionProperties) = preSolution
		HideSolutionNode = FALSE
	EndGlobalSection
	GlobalSection(ExtensibilityGlobals) = postSolution
		SolutionGuid = {FF738773-42FB-4780-B3CD-60DBF94DB7B1}
	EndGlobalSection
EndGlobal
